
Microsoft Visual Studio Solution File, Format Version 12.00
# Visual Studio Version 17
VisualStudioVersion = 17.0.31903.59
MinimumVisualStudioVersion = 10.0.40219.1
Project("{FAE04EC0-301F-11D3-BF4B-00C04F79EFBC}") = "16.2 WPF", "16.2 WPF\16.2 WPF.csproj", "{20B1B92C-067D-4EB7-A640-ED73E7709D76}"
EndProject
Global
	GlobalSection(SolutionConfigurationPlatforms) = preSolution
		Debug|Any CPU = Debug|Any CPU
		Release|Any CPU = Release|Any CPU
	EndGlobalSection
	GlobalSection(ProjectConfigurationPlatforms) = postSolution
		{20B1B92C-067D-4EB7-A640-ED73E7709D76}.Debug|Any CPU.ActiveCfg = Debug|Any CPU
		{20B1B92C-067D-4EB7-A640-ED73E7709D76}.Debug|Any CPU.Build.0 = Debug|Any CPU
		{20B1B92C-067D-4EB7-A640-ED73E7709D76}.Release|Any CPU.ActiveCfg = Release|Any CPU
		{20B1B92C-067D-4EB7-A640-ED73E7709D76}.Release|Any CPU.Build.0 = Release|Any CPU
	EndGlobalSection
	GlobalSection(SolutionProperties) = preSolution
		HideSolutionNode = FALSE
	EndGlobalSection
	GlobalSection(ExtensibilityGlobals) = postSolution
		SolutionGuid = {54595B82-B722-476E-A2EB-3E5BC1D6E074}
	EndGlobalSection
EndGlobal
